
Microsoft Visual Studio Solution File, Format Version 12.00
# Visual Studio 15
VisualStudioVersion = 15.0.28016.0
MinimumVisualStudioVersion = 10.0.40219.1
Project("{FAE04EC0-301F-11D3-BF4B-00C04F79EFBC}") = "WebApiCore", "WebApiCore\WebApiCore.csproj", "{F9CB4455-0FFC-438C-8228-1F7C39FE671B}"
EndProject
Global
	GlobalSection(SolutionConfigurationPlatforms) = preSolution
		Debug|Any CPU = Debug|Any CPU
		Release|Any CPU = Release|Any CPU
	EndGlobalSection
	GlobalSection(ProjectConfigurationPlatforms) = postSolution
		{F9CB4455-0FFC-438C-8228-1F7C39FE671B}.Debug|Any CPU.ActiveCfg = Debug|Any CPU
		{F9CB4455-0FFC-438C-8228-1F7C39FE671B}.Debug|Any CPU.Build.0 = Debug|Any CPU
		{F9CB4455-0FFC-438C-8228-1F7C39FE671B}.Release|Any CPU.ActiveCfg = Release|Any CPU
		{F9CB4455-0FFC-438C-8228-1F7C39FE671B}.Release|Any CPU.Build.0 = Release|Any CPU
	EndGlobalSection
	GlobalSection(SolutionProperties) = preSolution
		HideSolutionNode = FALSE
	EndGlobalSection
	GlobalSection(ExtensibilityGlobals) = postSolution
		SolutionGuid = {D60BCDE0-EE9A-4B34-BDBB-1458D0F515F8}
	EndGlobalSection
EndGlobal
